// !$*UTF8*$!
{
	archiveVersion = 1;
	classes = {
	};
	objectVersion = 56;
	objects = {

/* Begin PBXBuildFile section */
		6C5652D72937BB3700161DD8 /* MVDesignPatternApp.swift in Sources */ = {isa = PBXBuildFile; fileRef = 6C5652D62937BB3700161DD8 /* MVDesignPatternApp.swift */; };
		6C5652D92937BB3700161DD8 /* ContentView.swift in Sources */ = {isa = PBXBuildFile; fileRef = 6C5652D82937BB3700161DD8 /* ContentView.swift */; };
		6C5652DB2937BB3B00161DD8 /* Assets.xcassets in Resources */ = {isa = PBXBuildFile; fileRef = 6C5652DA2937BB3B00161DD8 /* Assets.xcassets */; };
		6C5652DE2937BB3B00161DD8 /* Preview Assets.xcassets in Resources */ = {isa = PBXBuildFile; fileRef = 6C5652DD2937BB3B00161DD8 /* Preview Assets.xcassets */; };
		6C5652E62937BB6000161DD8 /* WebService.swift in Sources */ = {isa = PBXBuildFile; fileRef = 6C5652E52937BB6000161DD8 /* WebService.swift */; };
		6C5652E92937BB8600161DD8 /* Product.swift in Sources */ = {isa = PBXBuildFile; fileRef = 6C5652E82937BB8600161DD8 /* Product.swift */; };
		6C5652EC2937BDFE00161DD8 /* ProductListViewModel.swift in Sources */ = {isa = PBXBuildFile; fileRef = 6C5652EB2937BDFE00161DD8 /* ProductListViewModel.swift */; };
		6C5C3A7C293EFD0C00758A73 /* StoreModel.swift in Sources */ = {isa = PBXBuildFile; fileRef = 6C5C3A7B293EFD0C00758A73 /* StoreModel.swift */; };
		6C5C3A7E293EFDB300758A73 /* ProductMV.swift in Sources */ = {isa = PBXBuildFile; fileRef = 6C5C3A7D293EFDB300758A73 /* ProductMV.swift */; };
		6C5C3A81293EFE4000758A73 /* WebserviceMV.swift in Sources */ = {isa = PBXBuildFile; fileRef = 6C5C3A80293EFE4000758A73 /* WebserviceMV.swift */; };
/* End PBXBuildFile section */

/* Begin PBXFileReference section */
		6C5652D32937BB3600161DD8 /* MVDesignPattern.app */ = {isa = PBXFileReference; explicitFileType = wrapper.application; includeInIndex = 0; path = MVDesignPattern.app; sourceTree = BUILT_PRODUCTS_DIR; };
		6C5652D62937BB3700161DD8 /* MVDesignPatternApp.swift */ = {isa = PBXFileReference; lastKnownFileType = sourcecode.swift; path = MVDesignPatternApp.swift; sourceTree = "<group>"; };
		6C5652D82937BB3700161DD8 /* ContentView.swift */ = {isa = PBXFileReference; lastKnownFileType = sourcecode.swift; path = ContentView.swift; sourceTree = "<group>"; };
		6C5652DA2937BB3B00161DD8 /* Assets.xcassets */ = {isa = PBXFileReference; lastKnownFileType = folder.assetcatalog; path = Assets.xcassets; sourceTree = "<group>"; };
		6C5652DD2937BB3B00161DD8 /* Preview Assets.xcassets */ = {isa = PBXFileReference; lastKnownFileType = folder.assetcatalog; path = "Preview Assets.xcassets"; sourceTree = "<group>"; };
		6C5652E52937BB6000161DD8 /* WebService.swift */ = {isa = PBXFileReference; lastKnownFileType = sourcecode.swift; path = WebService.swift; sourceTree = "<group>"; };
		6C5652E82937BB8600161DD8 /* Product.swift */ = {isa = PBXFileReference; lastKnownFileType = sourcecode.swift; path = Product.swift; sourceTree = "<group>"; };
		6C5652EB2937BDFE00161DD8 /* ProductListViewModel.swift */ = {isa = PBXFileReference; lastKnownFileType = sourcecode.swift; path = ProductListViewModel.swift; sourceTree = "<group>"; };
		6C5C3A7B293EFD0C00758A73 /* StoreModel.swift */ = {isa = PBXFileReference; lastKnownFileType = sourcecode.swift; path = StoreModel.swift; sourceTree = "<group>"; };
		6C5C3A7D293EFDB300758A73 /* ProductMV.swift */ = {isa = PBXFileReference; lastKnownFileType = sourcecode.swift; path = ProductMV.swift; sourceTree = "<group>"; };
		6C5C3A80293EFE4000758A73 /* WebserviceMV.swift */ = {isa = PBXFileReference; lastKnownFileType = sourcecode.swift; path = WebserviceMV.swift; sourceTree = "<group>"; };
/* End PBXFileReference section */

/* Begin PBXFrameworksBuildPhase section */
		6C5652D02937BB3600161DD8 /* Frameworks */ = {
			isa = PBXFrameworksBuildPhase;
			buildActionMask = 2147483647;
			files = (
			);
			runOnlyForDeploymentPostprocessing = 0;
		};
/* End PBXFrameworksBuildPhase section */

/* Begin PBXGroup section */
		6C5652CA2937BB3600161DD8 = {
			isa = PBXGroup;
			children = (
				6C5652D52937BB3600161DD8 /* MVDesignPattern */,
				6C5652D42937BB3600161DD8 /* Products */,
			);
			sourceTree = "<group>";
		};
		6C5652D42937BB3600161DD8 /* Products */ = {
			isa = PBXGroup;
			children = (
				6C5652D32937BB3600161DD8 /* MVDesignPattern.app */,
			);
			name = Products;
			sourceTree = "<group>";
		};
		6C5652D52937BB3600161DD8 /* MVDesignPattern */ = {
			isa = PBXGroup;
			children = (
				6C5C3A79293EFCEC00758A73 /* MV Pattern */,
				6C5652EA2937BDE400161DD8 /* ViewModels */,
				6C5652E72937BB7D00161DD8 /* Models */,
				6C5652E42937BB4A00161DD8 /* Services */,
				6C5652D62937BB3700161DD8 /* MVDesignPatternApp.swift */,
				6C5652D82937BB3700161DD8 /* ContentView.swift */,
				6C5652DA2937BB3B00161DD8 /* Assets.xcassets */,
				6C5652DC2937BB3B00161DD8 /* Preview Content */,
			);
			path = MVDesignPattern;
			sourceTree = "<group>";
		};
		6C5652DC2937BB3B00161DD8 /* Preview Content */ = {
			isa = PBXGroup;
			children = (
				6C5652DD2937BB3B00161DD8 /* Preview Assets.xcassets */,
			);
			path = "Preview Content";
			sourceTree = "<group>";
		};
		6C5652E42937BB4A00161DD8 /* Services */ = {
			isa = PBXGroup;
			children = (
				6C5652E52937BB6000161DD8 /* WebService.swift */,
			);
			path = Services;
			sourceTree = "<group>";
		};
		6C5652E72937BB7D00161DD8 /* Models */ = {
			isa = PBXGroup;
			children = (
				6C5652E82937BB8600161DD8 /* Product.swift */,
			);
			path = Models;
			sourceTree = "<group>";
		};
		6C5652EA2937BDE400161DD8 /* ViewModels */ = {
			isa = PBXGroup;
			children = (
				6C5652EB2937BDFE00161DD8 /* ProductListViewModel.swift */,
			);
			path = ViewModels;
			sourceTree = "<group>";
		};
		6C5C3A79293EFCEC00758A73 /* MV Pattern */ = {
			isa = PBXGroup;
			children = (
				6C5C3A7F293EFE3400758A73 /* Services */,
				6C5C3A7A293EFCF700758A73 /* Models */,
			);
			path = "MV Pattern";
			sourceTree = "<group>";
		};
		6C5C3A7A293EFCF700758A73 /* Models */ = {
			isa = PBXGroup;
			children = (
				6C5C3A7B293EFD0C00758A73 /* StoreModel.swift */,
				6C5C3A7D293EFDB300758A73 /* ProductMV.swift */,
			);
			path = Models;
			sourceTree = "<group>";
		};
		6C5C3A7F293EFE3400758A73 /* Services */ = {
			isa = PBXGroup;
			children = (
				6C5C3A80293EFE4000758A73 /* WebserviceMV.swift */,
			);
			path = Services;
			sourceTree = "<group>";
		};
/* End PBXGroup section */

/* Begin PBXNativeTarget section */
		6C5652D22937BB3600161DD8 /* MVDesignPattern */ = {
			isa = PBXNativeTarget;
			buildConfigurationList = 6C5652E12937BB3B00161DD8 /* Build configuration list for PBXNativeTarget "MVDesignPattern" */;
			buildPhases = (
				6C5652CF2937BB3600161DD8 /* Sources */,
				6C5652D02937BB3600161DD8 /* Frameworks */,
				6C5652D12937BB3600161DD8 /* Resources */,
			);
			buildRules = (
			);
			dependencies = (
			);
			name = MVDesignPattern;
			productName = MVDesignPattern;
			productReference = 6C5652D32937BB3600161DD8 /* MVDesignPattern.app */;
			productType = "com.apple.product-type.application";
		};
/* End PBXNativeTarget section */

/* Begin PBXProject section */
		6C5652CB2937BB3600161DD8 /* Project object */ = {
			isa = PBXProject;
			attributes = {
				BuildIndependentTargetsInParallel = 1;
				LastSwiftUpdateCheck = 1400;
				LastUpgradeCheck = 1400;
				TargetAttributes = {
					6C5652D22937BB3600161DD8 = {
						CreatedOnToolsVersion = 14.0.1;
					};
				};
			};
			buildConfigurationList = 6C5652CE2937BB3600161DD8 /* Build configuration list for PBXProject "MVDesignPattern" */;
			compatibilityVersion = "Xcode 14.0";
			developmentRegion = en;
			hasScannedForEncodings = 0;
			knownRegions = (
				en,
				Base,
			);
			mainGroup = 6C5652CA2937BB3600161DD8;
			productRefGroup = 6C5652D42937BB3600161DD8 /* Products */;
			projectDirPath = "";
			projectRoot = "";
			targets = (
				6C5652D22937BB3600161DD8 /* MVDesignPattern */,
			);
		};
/* End PBXProject section */

/* Begin PBXResourcesBuildPhase section */
		6C5652D12937BB3600161DD8 /* Resources */ = {
			isa = PBXResourcesBuildPhase;
			buildActionMask = 2147483647;
			files = (
				6C5652DE2937BB3B00161DD8 /* Preview Assets.xcassets in Resources */,
				6C5652DB2937BB3B00161DD8 /* Assets.xcassets in Resources */,
			);
			runOnlyForDeploymentPostprocessing = 0;
		};
/* End PBXResourcesBuildPhase section */

/* Begin PBXSourcesBuildPhase section */
		6C5652CF2937BB3600161DD8 /* Sources */ = {
			isa = PBXSourcesBuildPhase;
			buildActionMask = 2147483647;
			files = (
				6C5652E62937BB6000161DD8 /* WebService.swift in Sources */,
				6C5652EC2937BDFE00161DD8 /* ProductListViewModel.swift in Sources */,
				6C5C3A81293EFE4000758A73 /* WebserviceMV.swift in Sources */,
				6C5652E92937BB8600161DD8 /* Product.swift in Sources */,
				6C5652D92937BB3700161DD8 /* ContentView.swift in Sources */,
				6C5652D72937BB3700161DD8 /* MVDesignPatternApp.swift in Sources */,
				6C5C3A7C293EFD0C00758A73 /* StoreModel.swift in Sources */,
				6C5C3A7E293EFDB300758A73 /* ProductMV.swift in Sources */,
			);
			runOnlyForDeploymentPostprocessing = 0;
		};
/* End PBXSourcesBuildPhase section */

/* Begin XCBuildConfiguration section */
		6C5652DF2937BB3B00161DD8 /* Debug */ = {
			isa = XCBuildConfiguration;
			buildSettings = {
				ALWAYS_SEARCH_USER_PATHS = NO;
				CLANG_ANALYZER_NONNULL = YES;
				CLANG_ANALYZER_NUMBER_OBJECT_CONVERSION = YES_AGGRESSIVE;
				CLANG_CXX_LANGUAGE_STANDARD = "gnu++20";
				CLANG_ENABLE_MODULES = YES;
				CLANG_ENABLE_OBJC_ARC = YES;
				CLANG_ENABLE_OBJC_WEAK = YES;
				CLANG_WARN_BLOCK_CAPTURE_AUTORELEASING = YES;
				CLANG_WARN_BOOL_CONVERSION = YES;
				CLANG_WARN_COMMA = YES;
				CLANG_WARN_CONSTANT_CONVERSION = YES;
				CLANG_WARN_DEPRECATED_OBJC_IMPLEMENTATIONS = YES;
				CLANG_WARN_DIRECT_OBJC_ISA_USAGE = YES_ERROR;
				CLANG_WARN_DOCUMENTATION_COMMENTS = YES;
				CLANG_WARN_EMPTY_BODY = YES;
				CLANG_WARN_ENUM_CONVERSION = YES;
				CLANG_WARN_INFINITE_RECURSION = YES;
				CLANG_WARN_INT_CONVERSION = YES;
				CLANG_WARN_NON_LITERAL_NULL_CONVERSION = YES;
				CLANG_WARN_OBJC_IMPLICIT_RETAIN_SELF = YES;
				CLANG_WARN_OBJC_LITERAL_CONVERSION = YES;
				CLANG_WARN_OBJC_ROOT_CLASS = YES_ERROR;
				CLANG_WARN_QUOTED_INCLUDE_IN_FRAMEWORK_HEADER = YES;
				CLANG_WARN_RANGE_LOOP_ANALYSIS = YES;
				CLANG_WARN_STRICT_PROTOTYPES = YES;
				CLANG_WARN_SUSPICIOUS_MOVE = YES;
				CLANG_WARN_UNGUARDED_AVAILABILITY = YES_AGGRESSIVE;
				CLANG_WARN_UNREACHABLE_CODE = YES;
				CLANG_WARN__DUPLICATE_METHOD_MATCH = YES;
				COPY_PHASE_STRIP = NO;
				DEBUG_INFORMATION_FORMAT = dwarf;
				ENABLE_STRICT_OBJC_MSGSEND = YES;
				ENABLE_TESTABILITY = YES;
				GCC_C_LANGUAGE_STANDARD = gnu11;
				GCC_DYNAMIC_NO_PIC = NO;
				GCC_NO_COMMON_BLOCKS = YES;
				GCC_OPTIMIZATION_LEVEL = 0;
				GCC_PREPROCESSOR_DEFINITIONS = (
					"DEBUG=1",
					"$(inherited)",
				);
				GCC_WARN_64_TO_32_BIT_CONVERSION = YES;
				GCC_WARN_ABOUT_RETURN_TYPE = YES_ERROR;
				GCC_WARN_UNDECLARED_SELECTOR = YES;
				GCC_WARN_UNINITIALIZED_AUTOS = YES_AGGRESSIVE;
				GCC_WARN_UNUSED_FUNCTION = YES;
				GCC_WARN_UNUSED_VARIABLE = YES;
				IPHONEOS_DEPLOYMENT_TARGET = 16.0;
				MTL_ENABLE_DEBUG_INFO = INCLUDE_SOURCE;
				MTL_FAST_MATH = YES;
				ONLY_ACTIVE_ARCH = YES;
				SDKROOT = iphoneos;
				SWIFT_ACTIVE_COMPILATION_CONDITIONS = DEBUG;
				SWIFT_OPTIMIZATION_LEVEL = "-Onone";
			};
			name = Debug;
		};
		6C5652E02937BB3B00161DD8 /* Release */ = {
			isa = XCBuildConfiguration;
			buildSettings = {
				ALWAYS_SEARCH_USER_PATHS = NO;
				CLANG_ANALYZER_NONNULL = YES;
				CLANG_ANALYZER_NUMBER_OBJECT_CONVERSION = YES_AGGRESSIVE;
				CLANG_CXX_LANGUAGE_STANDARD = "gnu++20";
				CLANG_ENABLE_MODULES = YES;
				CLANG_ENABLE_OBJC_ARC = YES;
				CLANG_ENABLE_OBJC_WEAK = YES;
				CLANG_WARN_BLOCK_CAPTURE_AUTORELEASING = YES;
				CLANG_WARN_BOOL_CONVERSION = YES;
				CLANG_WARN_COMMA = YES;
				CLANG_WARN_CONSTANT_CONVERSION = YES;
				CLANG_WARN_DEPRECATED_OBJC_IMPLEMENTATIONS = YES;
				CLANG_WARN_DIRECT_OBJC_ISA_USAGE = YES_ERROR;
				CLANG_WARN_DOCUMENTATION_COMMENTS = YES;
				CLANG_WARN_EMPTY_BODY = YES;
				CLANG_WARN_ENUM_CONVERSION = YES;
				CLANG_WARN_INFINITE_RECURSION = YES;
				CLANG_WARN_INT_CONVERSION = YES;
				CLANG_WARN_NON_LITERAL_NULL_CONVERSION = YES;
				CLANG_WARN_OBJC_IMPLICIT_RETAIN_SELF = YES;
				CLANG_WARN_OBJC_LITERAL_CONVERSION = YES;
				CLANG_WARN_OBJC_ROOT_CLASS = YES_ERROR;
				CLANG_WARN_QUOTED_INCLUDE_IN_FRAMEWORK_HEADER = YES;
				CLANG_WARN_RANGE_LOOP_ANALYSIS = YES;
				CLANG_WARN_STRICT_PROTOTYPES = YES;
				CLANG_WARN_SUSPICIOUS_MOVE = YES;
				CLANG_WARN_UNGUARDED_AVAILABILITY = YES_AGGRESSIVE;
				CLANG_WARN_UNREACHABLE_CODE = YES;
				CLANG_WARN__DUPLICATE_METHOD_MATCH = YES;
				COPY_PHASE_STRIP = NO;
				DEBUG_INFORMATION_FORMAT = "dwarf-with-dsym";
				ENABLE_NS_ASSERTIONS = NO;
				ENABLE_STRICT_OBJC_MSGSEND = YES;
				GCC_C_LANGUAGE_STANDARD = gnu11;
				GCC_NO_COMMON_BLOCKS = YES;
				GCC_WARN_64_TO_32_BIT_CONVERSION = YES;
				GCC_WARN_ABOUT_RETURN_TYPE = YES_ERROR;
				GCC_WARN_UNDECLARED_SELECTOR = YES;
				GCC_WARN_UNINITIALIZED_AUTOS = YES_AGGRESSIVE;
				GCC_WARN_UNUSED_FUNCTION = YES;
				GCC_WARN_UNUSED_VARIABLE = YES;
				IPHONEOS_DEPLOYMENT_TARGET = 16.0;
				MTL_ENABLE_DEBUG_INFO = NO;
				MTL_FAST_MATH = YES;
				SDKROOT = iphoneos;
				SWIFT_COMPILATION_MODE = wholemodule;
				SWIFT_OPTIMIZATION_LEVEL = "-O";
				VALIDATE_PRODUCT = YES;
			};
			name = Release;
		};
		6C5652E22937BB3B00161DD8 /* Debug */ = {
			isa = XCBuildConfiguration;
			buildSettings = {
				ASSETCATALOG_COMPILER_APPICON_NAME = AppIcon;
				ASSETCATALOG_COMPILER_GLOBAL_ACCENT_COLOR_NAME = AccentColor;
				CODE_SIGN_STYLE = Automatic;
				CURRENT_PROJECT_VERSION = 1;
				DEVELOPMENT_ASSET_PATHS = "\"MVDesignPattern/Preview Content\"";
				DEVELOPMENT_TEAM = V5U53J8M62;
				ENABLE_PREVIEWS = YES;
				GENERATE_INFOPLIST_FILE = YES;
				INFOPLIST_KEY_UIApplicationSceneManifest_Generation = YES;
				INFOPLIST_KEY_UIApplicationSupportsIndirectInputEvents = YES;
				INFOPLIST_KEY_UILaunchScreen_Generation = YES;
				INFOPLIST_KEY_UISupportedInterfaceOrientations_iPad = "UIInterfaceOrientationPortrait UIInterfaceOrientationPortraitUpsideDown UIInterfaceOrientationLandscapeLeft UIInterfaceOrientationLandscapeRight";
				INFOPLIST_KEY_UISupportedInterfaceOrientations_iPhone = "UIInterfaceOrientationPortrait UIInterfaceOrientationLandscapeLeft UIInterfaceOrientationLandscapeRight";
				LD_RUNPATH_SEARCH_PATHS = (
					"$(inherited)",
					"@executable_path/Frameworks",
				);
				MARKETING_VERSION = 1.0;
				PRODUCT_BUNDLE_IDENTIFIER = com.rotadevsolutions.MVDesignPattern;
				PRODUCT_NAME = "$(TARGET_NAME)";
				SWIFT_EMIT_LOC_STRINGS = YES;
				SWIFT_VERSION = 5.0;
				TARGETED_DEVICE_FAMILY = "1,2";
			};
			name = Debug;
		};
		6C5652E32937BB3B00161DD8 /* Release */ = {
			isa = XCBuildConfiguration;
			buildSettings = {
				ASSETCATALOG_COMPILER_APPICON_NAME = AppIcon;
				ASSETCATALOG_COMPILER_GLOBAL_ACCENT_COLOR_NAME = AccentColor;
				CODE_SIGN_STYLE = Automatic;
				CURRENT_PROJECT_VERSION = 1;
				DEVELOPMENT_ASSET_PATHS = "\"MVDesignPattern/Preview Content\"";
				DEVELOPMENT_TEAM = V5U53J8M62;
				ENABLE_PREVIEWS = YES;
				GENERATE_INFOPLIST_FILE = YES;
				INFOPLIST_KEY_UIApplicationSceneManifest_Generation = YES;
				INFOPLIST_KEY_UIApplicationSupportsIndirectInputEvents = YES;
				INFOPLIST_KEY_UILaunchScreen_Generation = YES;
				INFOPLIST_KEY_UISupportedInterfaceOrientations_iPad = "UIInterfaceOrientationPortrait UIInterfaceOrientationPortraitUpsideDown UIInterfaceOrientationLandscapeLeft UIInterfaceOrientationLandscapeRight";
				INFOPLIST_KEY_UISupportedInterfaceOrientations_iPhone = "UIInterfaceOrientationPortrait UIInterfaceOrientationLandscapeLeft UIInterfaceOrientationLandscapeRight";
				LD_RUNPATH_SEARCH_PATHS = (
					"$(inherited)",
					"@executable_path/Frameworks",
				);
				MARKETING_VERSION = 1.0;
				PRODUCT_BUNDLE_IDENTIFIER = com.rotadevsolutions.MVDesignPattern;
				PRODUCT_NAME = "$(TARGET_NAME)";
				SWIFT_EMIT_LOC_STRINGS = YES;
				SWIFT_VERSION = 5.0;
				TARGETED_DEVICE_FAMILY = "1,2";
			};
			name = Release;
		};
/* End XCBuildConfiguration section */

/* Begin XCConfigurationList section */
		6C5652CE2937BB3600161DD8 /* Build configuration list for PBXProject "MVDesignPattern" */ = {
			isa = XCConfigurationList;
			buildConfigurations = (
				6C5652DF2937BB3B00161DD8 /* Debug */,
				6C5652E02937BB3B00161DD8 /* Release */,
			);
			defaultConfigurationIsVisible = 0;
			defaultConfigurationName = Release;
		};
		6C5652E12937BB3B00161DD8 /* Build configuration list for PBXNativeTarget "MVDesignPattern" */ = {
			isa = XCConfigurationList;
			buildConfigurations = (
				6C5652E22937BB3B00161DD8 /* Debug */,
				6C5652E32937BB3B00161DD8 /* Release */,
			);
			defaultConfigurationIsVisible = 0;
			defaultConfigurationName = Release;
		};
/* End XCConfigurationList section */
	};
	rootObject = 6C5652CB2937BB3600161DD8 /* Project object */;
}
